// !$*UTF8*$!
{
	archiveVersion = 1;
	classes = {
	};
	objectVersion = 46;
	objects = {

/* Begin PBXBuildFile section */
		49ECB566DB7D6D7F968323B8 /* Pods.framework in Frameworks */ = {isa = PBXBuildFile; fileRef = 47A0108AB83889CB065C8544 /* Pods.framework */; };
		9BF8EBE81CC1D23500901730 /* AppDelegate.swift in Sources */ = {isa = PBXBuildFile; fileRef = 9BF8EBE71CC1D23500901730 /* AppDelegate.swift */; };
		9BF8EBED1CC1D23500901730 /* Main.storyboard in Resources */ = {isa = PBXBuildFile; fileRef = 9BF8EBEB1CC1D23500901730 /* Main.storyboard */; };
		9BF8EBEF1CC1D23500901730 /* Assets.xcassets in Resources */ = {isa = PBXBuildFile; fileRef = 9BF8EBEE1CC1D23500901730 /* Assets.xcassets */; };
		9BF8EBF21CC1D23500901730 /* LaunchScreen.storyboard in Resources */ = {isa = PBXBuildFile; fileRef = 9BF8EBF01CC1D23500901730 /* LaunchScreen.storyboard */; };
		9BF8EBFD1CC1D23500901730 /* GenerativeSwiftTests.swift in Sources */ = {isa = PBXBuildFile; fileRef = 9BF8EBFC1CC1D23500901730 /* GenerativeSwiftTests.swift */; };
		9BF8EC331CC348FF00901730 /* AlignmentGridViewController.swift in Sources */ = {isa = PBXBuildFile; fileRef = 9BF8EC261CC348FF00901730 /* AlignmentGridViewController.swift */; };
		9BF8EC341CC348FF00901730 /* BaseCanvasController.swift in Sources */ = {isa = PBXBuildFile; fileRef = 9BF8EC271CC348FF00901730 /* BaseCanvasController.swift */; };
		9BF8EC351CC348FF00901730 /* ColourPaletteInterpolationViewController.swift in Sources */ = {isa = PBXBuildFile; fileRef = 9BF8EC281CC348FF00901730 /* ColourPaletteInterpolationViewController.swift */; };
		9BF8EC361CC348FF00901730 /* ColourPalettePicturesViewController.swift in Sources */ = {isa = PBXBuildFile; fileRef = 9BF8EC291CC348FF00901730 /* ColourPalettePicturesViewController.swift */; };
		9BF8EC371CC348FF00901730 /* ColourPaletteRulesViewController.swift in Sources */ = {isa = PBXBuildFile; fileRef = 9BF8EC2A1CC348FF00901730 /* ColourPaletteRulesViewController.swift */; };
		9BF8EC381CC348FF00901730 /* ColourSpectrumCircle2ViewController.swift in Sources */ = {isa = PBXBuildFile; fileRef = 9BF8EC2B1CC348FF00901730 /* ColourSpectrumCircle2ViewController.swift */; };
		9BF8EC391CC348FF00901730 /* ColourSpectrumCircleViewController.swift in Sources */ = {isa = PBXBuildFile; fileRef = 9BF8EC2C1CC348FF00901730 /* ColourSpectrumCircleViewController.swift */; };
		9BF8EC3A1CC348FF00901730 /* ColourSpectrumViewController.swift in Sources */ = {isa = PBXBuildFile; fileRef = 9BF8EC2D1CC348FF00901730 /* ColourSpectrumViewController.swift */; };
		9BF8EC3B1CC348FF00901730 /* HelloColourViewController.swift in Sources */ = {isa = PBXBuildFile; fileRef = 9BF8EC2E1CC348FF00901730 /* HelloColourViewController.swift */; };
		9BF8EC3C1CC348FF00901730 /* HelloFormViewController.swift in Sources */ = {isa = PBXBuildFile; fileRef = 9BF8EC2F1CC348FF00901730 /* HelloFormViewController.swift */; };
		9BF8EC3D1CC348FF00901730 /* HelloFormViewController2.swift in Sources */ = {isa = PBXBuildFile; fileRef = 9BF8EC301CC348FF00901730 /* HelloFormViewController2.swift */; };
		9BF8EC3E1CC348FF00901730 /* HelloFormViewController3.swift in Sources */ = {isa = PBXBuildFile; fileRef = 9BF8EC311CC348FF00901730 /* HelloFormViewController3.swift */; };
		9BF8EC3F1CC348FF00901730 /* TableViewController.swift in Sources */ = {isa = PBXBuildFile; fileRef = 9BF8EC321CC348FF00901730 /* TableViewController.swift */; };
		9BF8EC4D1CC34AE700901730 /* AlignmentGrid.png in Resources */ = {isa = PBXBuildFile; fileRef = 9BF8EC431CC34AE700901730 /* AlignmentGrid.png */; };
		9BF8EC4E1CC34AE700901730 /* ColourPaletteInterpolation.png in Resources */ = {isa = PBXBuildFile; fileRef = 9BF8EC441CC34AE700901730 /* ColourPaletteInterpolation.png */; };
		9BF8EC4F1CC34AE700901730 /* ColourPaletteRules.png in Resources */ = {isa = PBXBuildFile; fileRef = 9BF8EC451CC34AE700901730 /* ColourPaletteRules.png */; };
		9BF8EC501CC34AE700901730 /* ColourSpectrum.png in Resources */ = {isa = PBXBuildFile; fileRef = 9BF8EC461CC34AE700901730 /* ColourSpectrum.png */; };
		9BF8EC511CC34AE700901730 /* ColourSpectrumCircle.png in Resources */ = {isa = PBXBuildFile; fileRef = 9BF8EC471CC34AE700901730 /* ColourSpectrumCircle.png */; };
		9BF8EC521CC34AE700901730 /* ColourSpectrumCircle2.png in Resources */ = {isa = PBXBuildFile; fileRef = 9BF8EC481CC34AE700901730 /* ColourSpectrumCircle2.png */; };
		9BF8EC531CC34AE700901730 /* HelloColour.png in Resources */ = {isa = PBXBuildFile; fileRef = 9BF8EC491CC34AE700901730 /* HelloColour.png */; };
		9BF8EC581CC36FAB00901730 /* Acknowledgements.plist in Resources */ = {isa = PBXBuildFile; fileRef = 9BF8EC571CC36FAB00901730 /* Acknowledgements.plist */; };
		9BF8EC5A1CC4969000901730 /* MovementGridViewController.swift in Sources */ = {isa = PBXBuildFile; fileRef = 9BF8EC591CC4969000901730 /* MovementGridViewController.swift */; };
		9BF8EC5C1CC4C2D100901730 /* MovementGridViewController2.swift in Sources */ = {isa = PBXBuildFile; fileRef = 9BF8EC5B1CC4C2D100901730 /* MovementGridViewController2.swift */; };
		9BF8EC641CC67C3C00901730 /* HelloForm.jpg in Resources */ = {isa = PBXBuildFile; fileRef = 9BF8EC611CC67C3C00901730 /* HelloForm.jpg */; };
		9BF8EC651CC67C3C00901730 /* HelloForm2.jpg in Resources */ = {isa = PBXBuildFile; fileRef = 9BF8EC621CC67C3C00901730 /* HelloForm2.jpg */; };
		9BF8EC661CC67C3C00901730 /* HelloForm3.jpg in Resources */ = {isa = PBXBuildFile; fileRef = 9BF8EC631CC67C3C00901730 /* HelloForm3.jpg */; };
		9BF8EC691CC67CFB00901730 /* MovementGrid.jpg in Resources */ = {isa = PBXBuildFile; fileRef = 9BF8EC671CC67CFB00901730 /* MovementGrid.jpg */; };
		9BF8EC6A1CC67CFB00901730 /* MovementGrid2.jpg in Resources */ = {isa = PBXBuildFile; fileRef = 9BF8EC681CC67CFB00901730 /* MovementGrid2.jpg */; };
		9BF8EC6C1CC7D57400901730 /* ComplexModulesGridViewController.swift in Sources */ = {isa = PBXBuildFile; fileRef = 9BF8EC6B1CC7D57400901730 /* ComplexModulesGridViewController.swift */; };
		9BF8EC6E1CC9172E00901730 /* ComplexModulesGrid.png in Resources */ = {isa = PBXBuildFile; fileRef = 9BF8EC6D1CC9172E00901730 /* ComplexModulesGrid.png */; };
		9BF8EC701CC91D7900901730 /* StupidAgentViewController.swift in Sources */ = {isa = PBXBuildFile; fileRef = 9BF8EC6F1CC91D7900901730 /* StupidAgentViewController.swift */; };
		9BF8EC731CCBAB6B00901730 /* StupidAgent.png in Resources */ = {isa = PBXBuildFile; fileRef = 9BF8EC721CCBAB6B00901730 /* StupidAgent.png */; };
		9BF8EC751CCBB2C500901730 /* IntelligentAgentViewController.swift in Sources */ = {isa = PBXBuildFile; fileRef = 9BF8EC741CCBB2C500901730 /* IntelligentAgentViewController.swift */; };
		9BF8EC781CCBB40F00901730 /* Direction.swift in Sources */ = {isa = PBXBuildFile; fileRef = 9BF8EC771CCBB40F00901730 /* Direction.swift */; };
		9BF8EC7A1CCBB42D00901730 /* CirclePolygon.swift in Sources */ = {isa = PBXBuildFile; fileRef = 9BF8EC791CCBB42D00901730 /* CirclePolygon.swift */; };
		9BF8EC7C1CCC90B900901730 /* Line.swift in Sources */ = {isa = PBXBuildFile; fileRef = 9BF8EC7B1CCC90B900901730 /* Line.swift */; };
		9BF8EC7E1CCC98C000901730 /* IntelligentAgent.png in Resources */ = {isa = PBXBuildFile; fileRef = 9BF8EC7D1CCC98C000901730 /* IntelligentAgent.png */; };
		9BF8EC801CD25F6500901730 /* FormAgentViewController.swift in Sources */ = {isa = PBXBuildFile; fileRef = 9BF8EC7F1CD25F6500901730 /* FormAgentViewController.swift */; };
		9BF8EC821CD3A34B00901730 /* FormAgent.png in Resources */ = {isa = PBXBuildFile; fileRef = 9BF8EC811CD3A34B00901730 /* FormAgent.png */; };
/* End PBXBuildFile section */

/* Begin PBXContainerItemProxy section */
		9BF8EBF91CC1D23500901730 /* PBXContainerItemProxy */ = {
			isa = PBXContainerItemProxy;
			containerPortal = 9BF8EBDC1CC1D23500901730 /* Project object */;
			proxyType = 1;
			remoteGlobalIDString = 9BF8EBE31CC1D23500901730;
			remoteInfo = GenerativeSwift;
		};
/* End PBXContainerItemProxy section */

/* Begin PBXFileReference section */
		47A0108AB83889CB065C8544 /* Pods.framework */ = {isa = PBXFileReference; explicitFileType = wrapper.framework; includeInIndex = 0; path = Pods.framework; sourceTree = BUILT_PRODUCTS_DIR; };
		5677B446356EAAFA84B2EA67 /* Pods.release.xcconfig */ = {isa = PBXFileReference; includeInIndex = 1; lastKnownFileType = text.xcconfig; name = Pods.release.xcconfig; path = "Pods/Target Support Files/Pods/Pods.release.xcconfig"; sourceTree = "<group>"; };
		9BF8EBE41CC1D23500901730 /* GenerativeSwift.app */ = {isa = PBXFileReference; explicitFileType = wrapper.application; includeInIndex = 0; path = GenerativeSwift.app; sourceTree = BUILT_PRODUCTS_DIR; };
		9BF8EBE71CC1D23500901730 /* AppDelegate.swift */ = {isa = PBXFileReference; lastKnownFileType = sourcecode.swift; path = AppDelegate.swift; sourceTree = "<group>"; };
		9BF8EBEC1CC1D23500901730 /* Base */ = {isa = PBXFileReference; lastKnownFileType = file.storyboard; name = Base; path = Base.lproj/Main.storyboard; sourceTree = "<group>"; };
		9BF8EBEE1CC1D23500901730 /* Assets.xcassets */ = {isa = PBXFileReference; lastKnownFileType = folder.assetcatalog; path = Assets.xcassets; sourceTree = "<group>"; };
		9BF8EBF11CC1D23500901730 /* Base */ = {isa = PBXFileReference; lastKnownFileType = file.storyboard; name = Base; path = Base.lproj/LaunchScreen.storyboard; sourceTree = "<group>"; };
		9BF8EBF31CC1D23500901730 /* Info.plist */ = {isa = PBXFileReference; lastKnownFileType = text.plist.xml; path = Info.plist; sourceTree = "<group>"; };
		9BF8EBF81CC1D23500901730 /* GenerativeSwiftTests.xctest */ = {isa = PBXFileReference; explicitFileType = wrapper.cfbundle; includeInIndex = 0; path = GenerativeSwiftTests.xctest; sourceTree = BUILT_PRODUCTS_DIR; };
		9BF8EBFC1CC1D23500901730 /* GenerativeSwiftTests.swift */ = {isa = PBXFileReference; lastKnownFileType = sourcecode.swift; path = GenerativeSwiftTests.swift; sourceTree = "<group>"; };
		9BF8EBFE1CC1D23500901730 /* Info.plist */ = {isa = PBXFileReference; lastKnownFileType = text.plist.xml; path = Info.plist; sourceTree = "<group>"; };
		9BF8EC261CC348FF00901730 /* AlignmentGridViewController.swift */ = {isa = PBXFileReference; fileEncoding = 4; lastKnownFileType = sourcecode.swift; path = AlignmentGridViewController.swift; sourceTree = "<group>"; };
		9BF8EC271CC348FF00901730 /* BaseCanvasController.swift */ = {isa = PBXFileReference; fileEncoding = 4; lastKnownFileType = sourcecode.swift; path = BaseCanvasController.swift; sourceTree = "<group>"; };
		9BF8EC281CC348FF00901730 /* ColourPaletteInterpolationViewController.swift */ = {isa = PBXFileReference; fileEncoding = 4; lastKnownFileType = sourcecode.swift; path = ColourPaletteInterpolationViewController.swift; sourceTree = "<group>"; };
		9BF8EC291CC348FF00901730 /* ColourPalettePicturesViewController.swift */ = {isa = PBXFileReference; fileEncoding = 4; lastKnownFileType = sourcecode.swift; path = ColourPalettePicturesViewController.swift; sourceTree = "<group>"; };
		9BF8EC2A1CC348FF00901730 /* ColourPaletteRulesViewController.swift */ = {isa = PBXFileReference; fileEncoding = 4; lastKnownFileType = sourcecode.swift; path = ColourPaletteRulesViewController.swift; sourceTree = "<group>"; };
		9BF8EC2B1CC348FF00901730 /* ColourSpectrumCircle2ViewController.swift */ = {isa = PBXFileReference; fileEncoding = 4; lastKnownFileType = sourcecode.swift; path = ColourSpectrumCircle2ViewController.swift; sourceTree = "<group>"; };
		9BF8EC2C1CC348FF00901730 /* ColourSpectrumCircleViewController.swift */ = {isa = PBXFileReference; fileEncoding = 4; lastKnownFileType = sourcecode.swift; path = ColourSpectrumCircleViewController.swift; sourceTree = "<group>"; };
		9BF8EC2D1CC348FF00901730 /* ColourSpectrumViewController.swift */ = {isa = PBXFileReference; fileEncoding = 4; lastKnownFileType = sourcecode.swift; path = ColourSpectrumViewController.swift; sourceTree = "<group>"; };
		9BF8EC2E1CC348FF00901730 /* HelloColourViewController.swift */ = {isa = PBXFileReference; fileEncoding = 4; lastKnownFileType = sourcecode.swift; path = HelloColourViewController.swift; sourceTree = "<group>"; };
		9BF8EC2F1CC348FF00901730 /* HelloFormViewController.swift */ = {isa = PBXFileReference; fileEncoding = 4; lastKnownFileType = sourcecode.swift; path = HelloFormViewController.swift; sourceTree = "<group>"; };
		9BF8EC301CC348FF00901730 /* HelloFormViewController2.swift */ = {isa = PBXFileReference; fileEncoding = 4; lastKnownFileType = sourcecode.swift; path = HelloFormViewController2.swift; sourceTree = "<group>"; };
		9BF8EC311CC348FF00901730 /* HelloFormViewController3.swift */ = {isa = PBXFileReference; fileEncoding = 4; lastKnownFileType = sourcecode.swift; path = HelloFormViewController3.swift; sourceTree = "<group>"; };
		9BF8EC321CC348FF00901730 /* TableViewController.swift */ = {isa = PBXFileReference; fileEncoding = 4; lastKnownFileType = sourcecode.swift; path = TableViewController.swift; sourceTree = "<group>"; };
		9BF8EC431CC34AE700901730 /* AlignmentGrid.png */ = {isa = PBXFileReference; lastKnownFileType = image.png; path = AlignmentGrid.png; sourceTree = "<group>"; };
		9BF8EC441CC34AE700901730 /* ColourPaletteInterpolation.png */ = {isa = PBXFileReference; lastKnownFileType = image.png; path = ColourPaletteInterpolation.png; sourceTree = "<group>"; };
		9BF8EC451CC34AE700901730 /* ColourPaletteRules.png */ = {isa = PBXFileReference; lastKnownFileType = image.png; path = ColourPaletteRules.png; sourceTree = "<group>"; };
		9BF8EC461CC34AE700901730 /* ColourSpectrum.png */ = {isa = PBXFileReference; lastKnownFileType = image.png; path = ColourSpectrum.png; sourceTree = "<group>"; };
		9BF8EC471CC34AE700901730 /* ColourSpectrumCircle.png */ = {isa = PBXFileReference; lastKnownFileType = image.png; path = ColourSpectrumCircle.png; sourceTree = "<group>"; };
		9BF8EC481CC34AE700901730 /* ColourSpectrumCircle2.png */ = {isa = PBXFileReference; lastKnownFileType = image.png; path = ColourSpectrumCircle2.png; sourceTree = "<group>"; };
		9BF8EC491CC34AE700901730 /* HelloColour.png */ = {isa = PBXFileReference; lastKnownFileType = image.png; path = HelloColour.png; sourceTree = "<group>"; };
		9BF8EC571CC36FAB00901730 /* Acknowledgements.plist */ = {isa = PBXFileReference; fileEncoding = 4; lastKnownFileType = text.plist.xml; path = Acknowledgements.plist; sourceTree = "<group>"; };
		9BF8EC591CC4969000901730 /* MovementGridViewController.swift */ = {isa = PBXFileReference; fileEncoding = 4; lastKnownFileType = sourcecode.swift; path = MovementGridViewController.swift; sourceTree = "<group>"; };
		9BF8EC5B1CC4C2D100901730 /* MovementGridViewController2.swift */ = {isa = PBXFileReference; fileEncoding = 4; lastKnownFileType = sourcecode.swift; path = MovementGridViewController2.swift; sourceTree = "<group>"; };
		9BF8EC611CC67C3C00901730 /* HelloForm.jpg */ = {isa = PBXFileReference; lastKnownFileType = image.jpeg; path = HelloForm.jpg; sourceTree = "<group>"; };
		9BF8EC621CC67C3C00901730 /* HelloForm2.jpg */ = {isa = PBXFileReference; lastKnownFileType = image.jpeg; path = HelloForm2.jpg; sourceTree = "<group>"; };
		9BF8EC631CC67C3C00901730 /* HelloForm3.jpg */ = {isa = PBXFileReference; lastKnownFileType = image.jpeg; path = HelloForm3.jpg; sourceTree = "<group>"; };
		9BF8EC671CC67CFB00901730 /* MovementGrid.jpg */ = {isa = PBXFileReference; lastKnownFileType = image.jpeg; path = MovementGrid.jpg; sourceTree = "<group>"; };
		9BF8EC681CC67CFB00901730 /* MovementGrid2.jpg */ = {isa = PBXFileReference; lastKnownFileType = image.jpeg; path = MovementGrid2.jpg; sourceTree = "<group>"; };
		9BF8EC6B1CC7D57400901730 /* ComplexModulesGridViewController.swift */ = {isa = PBXFileReference; fileEncoding = 4; lastKnownFileType = sourcecode.swift; path = ComplexModulesGridViewController.swift; sourceTree = "<group>"; };
		9BF8EC6D1CC9172E00901730 /* ComplexModulesGrid.png */ = {isa = PBXFileReference; lastKnownFileType = image.png; path = ComplexModulesGrid.png; sourceTree = "<group>"; };
		9BF8EC6F1CC91D7900901730 /* StupidAgentViewController.swift */ = {isa = PBXFileReference; fileEncoding = 4; lastKnownFileType = sourcecode.swift; path = StupidAgentViewController.swift; sourceTree = "<group>"; };
		9BF8EC721CCBAB6B00901730 /* StupidAgent.png */ = {isa = PBXFileReference; lastKnownFileType = image.png; path = StupidAgent.png; sourceTree = "<group>"; };
		9BF8EC741CCBB2C500901730 /* IntelligentAgentViewController.swift */ = {isa = PBXFileReference; fileEncoding = 4; lastKnownFileType = sourcecode.swift; path = IntelligentAgentViewController.swift; sourceTree = "<group>"; };
		9BF8EC771CCBB40F00901730 /* Direction.swift */ = {isa = PBXFileReference; fileEncoding = 4; lastKnownFileType = sourcecode.swift; path = Direction.swift; sourceTree = "<group>"; };
		9BF8EC791CCBB42D00901730 /* CirclePolygon.swift */ = {isa = PBXFileReference; fileEncoding = 4; lastKnownFileType = sourcecode.swift; path = CirclePolygon.swift; sourceTree = "<group>"; };
		9BF8EC7B1CCC90B900901730 /* Line.swift */ = {isa = PBXFileReference; fileEncoding = 4; lastKnownFileType = sourcecode.swift; path = Line.swift; sourceTree = "<group>"; };
		9BF8EC7D1CCC98C000901730 /* IntelligentAgent.png */ = {isa = PBXFileReference; lastKnownFileType = image.png; path = IntelligentAgent.png; sourceTree = "<group>"; };
		9BF8EC7F1CD25F6500901730 /* FormAgentViewController.swift */ = {isa = PBXFileReference; fileEncoding = 4; lastKnownFileType = sourcecode.swift; path = FormAgentViewController.swift; sourceTree = "<group>"; };
		9BF8EC811CD3A34B00901730 /* FormAgent.png */ = {isa = PBXFileReference; lastKnownFileType = image.png; path = FormAgent.png; sourceTree = "<group>"; };
		F468888C8E37247FB8A35B26 /* Pods.debug.xcconfig */ = {isa = PBXFileReference; includeInIndex = 1; lastKnownFileType = text.xcconfig; name = Pods.debug.xcconfig; path = "Pods/Target Support Files/Pods/Pods.debug.xcconfig"; sourceTree = "<group>"; };
/* End PBXFileReference section */

/* Begin PBXFrameworksBuildPhase section */
		9BF8EBE11CC1D23500901730 /* Frameworks */ = {
			isa = PBXFrameworksBuildPhase;
			buildActionMask = 2147483647;
			files = (
				49ECB566DB7D6D7F968323B8 /* Pods.framework in Frameworks */,
			);
			runOnlyForDeploymentPostprocessing = 0;
		};
		9BF8EBF51CC1D23500901730 /* Frameworks */ = {
			isa = PBXFrameworksBuildPhase;
			buildActionMask = 2147483647;
			files = (
			);
			runOnlyForDeploymentPostprocessing = 0;
		};
/* End PBXFrameworksBuildPhase section */

/* Begin PBXGroup section */
		7B105AB81CA0EFD7692C7195 /* Frameworks */ = {
			isa = PBXGroup;
			children = (
				47A0108AB83889CB065C8544 /* Pods.framework */,
			);
			name = Frameworks;
			sourceTree = "<group>";
		};
		9BF8EBDB1CC1D23500901730 = {
			isa = PBXGroup;
			children = (
				9BF8EBE61CC1D23500901730 /* GenerativeSwift */,
				9BF8EBFB1CC1D23500901730 /* GenerativeSwiftTests */,
				9BF8EBE51CC1D23500901730 /* Products */,
				B2F84368175EFF00F54F40F2 /* Pods */,
				7B105AB81CA0EFD7692C7195 /* Frameworks */,
			);
			sourceTree = "<group>";
		};
		9BF8EBE51CC1D23500901730 /* Products */ = {
			isa = PBXGroup;
			children = (
				9BF8EBE41CC1D23500901730 /* GenerativeSwift.app */,
				9BF8EBF81CC1D23500901730 /* GenerativeSwiftTests.xctest */,
			);
			name = Products;
			sourceTree = "<group>";
		};
		9BF8EBE61CC1D23500901730 /* GenerativeSwift */ = {
			isa = PBXGroup;
			children = (
				9BF8EC761CCBB3F700901730 /* Models */,
				9BF8EC251CC3485E00901730 /* Controllers */,
				9BF8EC241CC3482C00901730 /* Thumbnails */,
				9BF8EBE71CC1D23500901730 /* AppDelegate.swift */,
				9BF8EBEB1CC1D23500901730 /* Main.storyboard */,
				9BF8EBEE1CC1D23500901730 /* Assets.xcassets */,
				9BF8EBF01CC1D23500901730 /* LaunchScreen.storyboard */,
				9BF8EBF31CC1D23500901730 /* Info.plist */,
				9BF8EC571CC36FAB00901730 /* Acknowledgements.plist */,
			);
			path = GenerativeSwift;
			sourceTree = "<group>";
		};
		9BF8EBFB1CC1D23500901730 /* GenerativeSwiftTests */ = {
			isa = PBXGroup;
			children = (
				9BF8EBFC1CC1D23500901730 /* GenerativeSwiftTests.swift */,
				9BF8EBFE1CC1D23500901730 /* Info.plist */,
			);
			path = GenerativeSwiftTests;
			sourceTree = "<group>";
		};
		9BF8EC241CC3482C00901730 /* Thumbnails */ = {
			isa = PBXGroup;
			children = (
				9BF8EC431CC34AE700901730 /* AlignmentGrid.png */,
				9BF8EC441CC34AE700901730 /* ColourPaletteInterpolation.png */,
				9BF8EC451CC34AE700901730 /* ColourPaletteRules.png */,
				9BF8EC461CC34AE700901730 /* ColourSpectrum.png */,
				9BF8EC471CC34AE700901730 /* ColourSpectrumCircle.png */,
				9BF8EC481CC34AE700901730 /* ColourSpectrumCircle2.png */,
				9BF8EC491CC34AE700901730 /* HelloColour.png */,
				9BF8EC611CC67C3C00901730 /* HelloForm.jpg */,
				9BF8EC621CC67C3C00901730 /* HelloForm2.jpg */,
				9BF8EC631CC67C3C00901730 /* HelloForm3.jpg */,
				9BF8EC671CC67CFB00901730 /* MovementGrid.jpg */,
				9BF8EC681CC67CFB00901730 /* MovementGrid2.jpg */,
				9BF8EC6D1CC9172E00901730 /* ComplexModulesGrid.png */,
				9BF8EC721CCBAB6B00901730 /* StupidAgent.png */,
				9BF8EC7D1CCC98C000901730 /* IntelligentAgent.png */,
				9BF8EC811CD3A34B00901730 /* FormAgent.png */,
			);
			path = Thumbnails;
			sourceTree = "<group>";
		};
		9BF8EC251CC3485E00901730 /* Controllers */ = {
			isa = PBXGroup;
			children = (
				9BF8EC321CC348FF00901730 /* TableViewController.swift */,
				9BF8EC271CC348FF00901730 /* BaseCanvasController.swift */,
				9BF8EC401CC3490D00901730 /* Colour */,
				9BF8EC411CC3491400901730 /* Form */,
			);
			path = Controllers;
			sourceTree = "<group>";
		};
		9BF8EC401CC3490D00901730 /* Colour */ = {
			isa = PBXGroup;
			children = (
				9BF8EC2E1CC348FF00901730 /* HelloColourViewController.swift */,
				9BF8EC2D1CC348FF00901730 /* ColourSpectrumViewController.swift */,
				9BF8EC2C1CC348FF00901730 /* ColourSpectrumCircleViewController.swift */,
				9BF8EC2B1CC348FF00901730 /* ColourSpectrumCircle2ViewController.swift */,
				9BF8EC281CC348FF00901730 /* ColourPaletteInterpolationViewController.swift */,
				9BF8EC291CC348FF00901730 /* ColourPalettePicturesViewController.swift */,
				9BF8EC2A1CC348FF00901730 /* ColourPaletteRulesViewController.swift */,
			);
			name = Colour;
			sourceTree = "<group>";
		};
		9BF8EC411CC3491400901730 /* Form */ = {
			isa = PBXGroup;
			children = (
				9BF8EC2F1CC348FF00901730 /* HelloFormViewController.swift */,
				9BF8EC301CC348FF00901730 /* HelloFormViewController2.swift */,
				9BF8EC311CC348FF00901730 /* HelloFormViewController3.swift */,
				9BF8EC421CC3492200901730 /* Grid */,
				9BF8EC711CC9222600901730 /* Agents */,
			);
			name = Form;
			sourceTree = "<group>";
		};
		9BF8EC421CC3492200901730 /* Grid */ = {
			isa = PBXGroup;
			children = (
				9BF8EC261CC348FF00901730 /* AlignmentGridViewController.swift */,
				9BF8EC591CC4969000901730 /* MovementGridViewController.swift */,
				9BF8EC5B1CC4C2D100901730 /* MovementGridViewController2.swift */,
				9BF8EC6B1CC7D57400901730 /* ComplexModulesGridViewController.swift */,
			);
			name = Grid;
			sourceTree = "<group>";
		};
		9BF8EC711CC9222600901730 /* Agents */ = {
			isa = PBXGroup;
			children = (
				9BF8EC6F1CC91D7900901730 /* StupidAgentViewController.swift */,
				9BF8EC741CCBB2C500901730 /* IntelligentAgentViewController.swift */,
				9BF8EC7F1CD25F6500901730 /* FormAgentViewController.swift */,
			);
			name = Agents;
			sourceTree = "<group>";
		};
		9BF8EC761CCBB3F700901730 /* Models */ = {
			isa = PBXGroup;
			children = (
				9BF8EC771CCBB40F00901730 /* Direction.swift */,
				9BF8EC791CCBB42D00901730 /* CirclePolygon.swift */,
				9BF8EC7B1CCC90B900901730 /* Line.swift */,
			);
			path = Models;
			sourceTree = "<group>";
		};
		B2F84368175EFF00F54F40F2 /* Pods */ = {
			isa = PBXGroup;
			children = (
				F468888C8E37247FB8A35B26 /* Pods.debug.xcconfig */,
				5677B446356EAAFA84B2EA67 /* Pods.release.xcconfig */,
			);
			name = Pods;
			sourceTree = "<group>";
		};
/* End PBXGroup section */

/* Begin PBXNativeTarget section */
		9BF8EBE31CC1D23500901730 /* GenerativeSwift */ = {
			isa = PBXNativeTarget;
			buildConfigurationList = 9BF8EC011CC1D23500901730 /* Build configuration list for PBXNativeTarget "GenerativeSwift" */;
			buildPhases = (
				AC1B6AEB3E6FE584BDAE84BA /* Check Pods Manifest.lock */,
				9BF8EBE01CC1D23500901730 /* Sources */,
				9BF8EBE11CC1D23500901730 /* Frameworks */,
				9BF8EBE21CC1D23500901730 /* Resources */,
				F6976CB34200E4DD199E96E5 /* Embed Pods Frameworks */,
				A363510848B05ACB65EC4367 /* Copy Pods Resources */,
			);
			buildRules = (
			);
			dependencies = (
			);
			name = GenerativeSwift;
			productName = GenerativeSwift;
			productReference = 9BF8EBE41CC1D23500901730 /* GenerativeSwift.app */;
			productType = "com.apple.product-type.application";
		};
		9BF8EBF71CC1D23500901730 /* GenerativeSwiftTests */ = {
			isa = PBXNativeTarget;
			buildConfigurationList = 9BF8EC041CC1D23500901730 /* Build configuration list for PBXNativeTarget "GenerativeSwiftTests" */;
			buildPhases = (
				9BF8EBF41CC1D23500901730 /* Sources */,
				9BF8EBF51CC1D23500901730 /* Frameworks */,
				9BF8EBF61CC1D23500901730 /* Resources */,
			);
			buildRules = (
			);
			dependencies = (
				9BF8EBFA1CC1D23500901730 /* PBXTargetDependency */,
			);
			name = GenerativeSwiftTests;
			productName = GenerativeSwiftTests;
			productReference = 9BF8EBF81CC1D23500901730 /* GenerativeSwiftTests.xctest */;
			productType = "com.apple.product-type.bundle.unit-test";
		};
/* End PBXNativeTarget section */

/* Begin PBXProject section */
		9BF8EBDC1CC1D23500901730 /* Project object */ = {
			isa = PBXProject;
			attributes = {
				LastSwiftUpdateCheck = 0730;
				LastUpgradeCheck = 0730;
				ORGANIZATIONNAME = tnantoka;
				TargetAttributes = {
					9BF8EBE31CC1D23500901730 = {
						CreatedOnToolsVersion = 7.3;
					};
					9BF8EBF71CC1D23500901730 = {
						CreatedOnToolsVersion = 7.3;
						TestTargetID = 9BF8EBE31CC1D23500901730;
					};
				};
			};
			buildConfigurationList = 9BF8EBDF1CC1D23500901730 /* Build configuration list for PBXProject "GenerativeSwift" */;
			compatibilityVersion = "Xcode 3.2";
			developmentRegion = English;
			hasScannedForEncodings = 0;
			knownRegions = (
				en,
				Base,
			);
			mainGroup = 9BF8EBDB1CC1D23500901730;
			productRefGroup = 9BF8EBE51CC1D23500901730 /* Products */;
			projectDirPath = "";
			projectRoot = "";
			targets = (
				9BF8EBE31CC1D23500901730 /* GenerativeSwift */,
				9BF8EBF71CC1D23500901730 /* GenerativeSwiftTests */,
			);
		};
/* End PBXProject section */

/* Begin PBXResourcesBuildPhase section */
		9BF8EBE21CC1D23500901730 /* Resources */ = {
			isa = PBXResourcesBuildPhase;
			buildActionMask = 2147483647;
			files = (
				9BF8EC581CC36FAB00901730 /* Acknowledgements.plist in Resources */,
				9BF8EBF21CC1D23500901730 /* LaunchScreen.storyboard in Resources */,
				9BF8EC731CCBAB6B00901730 /* StupidAgent.png in Resources */,
				9BF8EC6A1CC67CFB00901730 /* MovementGrid2.jpg in Resources */,
				9BF8EC501CC34AE700901730 /* ColourSpectrum.png in Resources */,
				9BF8EC6E1CC9172E00901730 /* ComplexModulesGrid.png in Resources */,
				9BF8EC4D1CC34AE700901730 /* AlignmentGrid.png in Resources */,
				9BF8EBEF1CC1D23500901730 /* Assets.xcassets in Resources */,
				9BF8EC531CC34AE700901730 /* HelloColour.png in Resources */,
				9BF8EC661CC67C3C00901730 /* HelloForm3.jpg in Resources */,
				9BF8EC691CC67CFB00901730 /* MovementGrid.jpg in Resources */,
				9BF8EC821CD3A34B00901730 /* FormAgent.png in Resources */,
				9BF8EC641CC67C3C00901730 /* HelloForm.jpg in Resources */,
				9BF8EC521CC34AE700901730 /* ColourSpectrumCircle2.png in Resources */,
				9BF8EC511CC34AE700901730 /* ColourSpectrumCircle.png in Resources */,
				9BF8EC651CC67C3C00901730 /* HelloForm2.jpg in Resources */,
				9BF8EC7E1CCC98C000901730 /* IntelligentAgent.png in Resources */,
				9BF8EC4F1CC34AE700901730 /* ColourPaletteRules.png in Resources */,
				9BF8EC4E1CC34AE700901730 /* ColourPaletteInterpolation.png in Resources */,
				9BF8EBED1CC1D23500901730 /* Main.storyboard in Resources */,
			);
			runOnlyForDeploymentPostprocessing = 0;
		};
		9BF8EBF61CC1D23500901730 /* Resources */ = {
			isa = PBXResourcesBuildPhase;
			buildActionMask = 2147483647;
			files = (
			);
			runOnlyForDeploymentPostprocessing = 0;
		};
/* End PBXResourcesBuildPhase section */

/* Begin PBXShellScriptBuildPhase section */
		A363510848B05ACB65EC4367 /* Copy Pods Resources */ = {
			isa = PBXShellScriptBuildPhase;
			buildActionMask = 2147483647;
			files = (
			);
			inputPaths = (
			);
			name = "Copy Pods Resources";
			outputPaths = (
			);
			runOnlyForDeploymentPostprocessing = 0;
			shellPath = /bin/sh;
			shellScript = "\"${SRCROOT}/Pods/Target Support Files/Pods/Pods-resources.sh\"\n";
			showEnvVarsInLog = 0;
		};
		AC1B6AEB3E6FE584BDAE84BA /* Check Pods Manifest.lock */ = {
			isa = PBXShellScriptBuildPhase;
			buildActionMask = 2147483647;
			files = (
			);
			inputPaths = (
			);
			name = "Check Pods Manifest.lock";
			outputPaths = (
			);
			runOnlyForDeploymentPostprocessing = 0;
			shellPath = /bin/sh;
			shellScript = "diff \"${PODS_ROOT}/../Podfile.lock\" \"${PODS_ROOT}/Manifest.lock\" > /dev/null\nif [[ $? != 0 ]] ; then\n    cat << EOM\nerror: The sandbox is not in sync with the Podfile.lock. Run 'pod install' or update your CocoaPods installation.\nEOM\n    exit 1\nfi\n";
			showEnvVarsInLog = 0;
		};
		F6976CB34200E4DD199E96E5 /* Embed Pods Frameworks */ = {
			isa = PBXShellScriptBuildPhase;
			buildActionMask = 2147483647;
			files = (
			);
			inputPaths = (
			);
			name = "Embed Pods Frameworks";
			outputPaths = (
			);
			runOnlyForDeploymentPostprocessing = 0;
			shellPath = /bin/sh;
			shellScript = "\"${SRCROOT}/Pods/Target Support Files/Pods/Pods-frameworks.sh\"\n";
			showEnvVarsInLog = 0;
		};
/* End PBXShellScriptBuildPhase section */

/* Begin PBXSourcesBuildPhase section */
		9BF8EBE01CC1D23500901730 /* Sources */ = {
			isa = PBXSourcesBuildPhase;
			buildActionMask = 2147483647;
			files = (
				9BF8EC331CC348FF00901730 /* AlignmentGridViewController.swift in Sources */,
				9BF8EC3F1CC348FF00901730 /* TableViewController.swift in Sources */,
				9BF8EC5A1CC4969000901730 /* MovementGridViewController.swift in Sources */,
				9BF8EC781CCBB40F00901730 /* Direction.swift in Sources */,
				9BF8EC3B1CC348FF00901730 /* HelloColourViewController.swift in Sources */,
				9BF8EC341CC348FF00901730 /* BaseCanvasController.swift in Sources */,
				9BF8EC3C1CC348FF00901730 /* HelloFormViewController.swift in Sources */,
				9BF8EBE81CC1D23500901730 /* AppDelegate.swift in Sources */,
				9BF8EC391CC348FF00901730 /* ColourSpectrumCircleViewController.swift in Sources */,
				9BF8EC7C1CCC90B900901730 /* Line.swift in Sources */,
				9BF8EC3E1CC348FF00901730 /* HelloFormViewController3.swift in Sources */,
				9BF8EC6C1CC7D57400901730 /* ComplexModulesGridViewController.swift in Sources */,
				9BF8EC751CCBB2C500901730 /* IntelligentAgentViewController.swift in Sources */,
				9BF8EC7A1CCBB42D00901730 /* CirclePolygon.swift in Sources */,
				9BF8EC351CC348FF00901730 /* ColourPaletteInterpolationViewController.swift in Sources */,
				9BF8EC701CC91D7900901730 /* StupidAgentViewController.swift in Sources */,
				9BF8EC5C1CC4C2D100901730 /* MovementGridViewController2.swift in Sources */,
				9BF8EC371CC348FF00901730 /* ColourPaletteRulesViewController.swift in Sources */,
				9BF8EC3A1CC348FF00901730 /* ColourSpectrumViewController.swift in Sources */,
				9BF8EC381CC348FF00901730 /* ColourSpectrumCircle2ViewController.swift in Sources */,
				9BF8EC3D1CC348FF00901730 /* HelloFormViewController2.swift in Sources */,
				9BF8EC801CD25F6500901730 /* FormAgentViewController.swift in Sources */,
				9BF8EC361CC348FF00901730 /* ColourPalettePicturesViewController.swift in Sources */,
			);
			runOnlyForDeploymentPostprocessing = 0;
		};
		9BF8EBF41CC1D23500901730 /* Sources */ = {
			isa = PBXSourcesBuildPhase;
			buildActionMask = 2147483647;
			files = (
				9BF8EBFD1CC1D23500901730 /* GenerativeSwiftTests.swift in Sources */,
			);
			runOnlyForDeploymentPostprocessing = 0;
		};
/* End PBXSourcesBuildPhase section */

/* Begin PBXTargetDependency section */
		9BF8EBFA1CC1D23500901730 /* PBXTargetDependency */ = {
			isa = PBXTargetDependency;
			target = 9BF8EBE31CC1D23500901730 /* GenerativeSwift */;
			targetProxy = 9BF8EBF91CC1D23500901730 /* PBXContainerItemProxy */;
		};
/* End PBXTargetDependency section */

/* Begin PBXVariantGroup section */
		9BF8EBEB1CC1D23500901730 /* Main.storyboard */ = {
			isa = PBXVariantGroup;
			children = (
				9BF8EBEC1CC1D23500901730 /* Base */,
			);
			name = Main.storyboard;
			sourceTree = "<group>";
		};
		9BF8EBF01CC1D23500901730 /* LaunchScreen.storyboard */ = {
			isa = PBXVariantGroup;
			children = (
				9BF8EBF11CC1D23500901730 /* Base */,
			);
			name = LaunchScreen.storyboard;
			sourceTree = "<group>";
		};
/* End PBXVariantGroup section */

/* Begin XCBuildConfiguration section */
		9BF8EBFF1CC1D23500901730 /* Debug */ = {
			isa = XCBuildConfiguration;
			buildSettings = {
				ALWAYS_SEARCH_USER_PATHS = NO;
				CLANG_ANALYZER_NONNULL = YES;
				CLANG_CXX_LANGUAGE_STANDARD = "gnu++0x";
				CLANG_CXX_LIBRARY = "libc++";
				CLANG_ENABLE_MODULES = YES;
				CLANG_ENABLE_OBJC_ARC = YES;
				CLANG_WARN_BOOL_CONVERSION = YES;
				CLANG_WARN_CONSTANT_CONVERSION = YES;
				CLANG_WARN_DIRECT_OBJC_ISA_USAGE = YES_ERROR;
				CLANG_WARN_EMPTY_BODY = YES;
				CLANG_WARN_ENUM_CONVERSION = YES;
				CLANG_WARN_INT_CONVERSION = YES;
				CLANG_WARN_OBJC_ROOT_CLASS = YES_ERROR;
				CLANG_WARN_UNREACHABLE_CODE = YES;
				CLANG_WARN__DUPLICATE_METHOD_MATCH = YES;
				"CODE_SIGN_IDENTITY[sdk=iphoneos*]" = "iPhone Developer";
				COPY_PHASE_STRIP = NO;
				DEBUG_INFORMATION_FORMAT = dwarf;
				ENABLE_STRICT_OBJC_MSGSEND = YES;
				ENABLE_TESTABILITY = YES;
				GCC_C_LANGUAGE_STANDARD = gnu99;
				GCC_DYNAMIC_NO_PIC = NO;
				GCC_NO_COMMON_BLOCKS = YES;
				GCC_OPTIMIZATION_LEVEL = 0;
				GCC_PREPROCESSOR_DEFINITIONS = (
					"DEBUG=1",
					"$(inherited)",
				);
				GCC_WARN_64_TO_32_BIT_CONVERSION = YES;
				GCC_WARN_ABOUT_RETURN_TYPE = YES_ERROR;
				GCC_WARN_UNDECLARED_SELECTOR = YES;
				GCC_WARN_UNINITIALIZED_AUTOS = YES_AGGRESSIVE;
				GCC_WARN_UNUSED_FUNCTION = YES;
				GCC_WARN_UNUSED_VARIABLE = YES;
				IPHONEOS_DEPLOYMENT_TARGET = 9.3;
				MTL_ENABLE_DEBUG_INFO = YES;
				ONLY_ACTIVE_ARCH = YES;
				SDKROOT = iphoneos;
				SWIFT_OPTIMIZATION_LEVEL = "-Onone";
			};
			name = Debug;
		};
		9BF8EC001CC1D23500901730 /* Release */ = {
			isa = XCBuildConfiguration;
			buildSettings = {
				ALWAYS_SEARCH_USER_PATHS = NO;
				CLANG_ANALYZER_NONNULL = YES;
				CLANG_CXX_LANGUAGE_STANDARD = "gnu++0x";
				CLANG_CXX_LIBRARY = "libc++";
				CLANG_ENABLE_MODULES = YES;
				CLANG_ENABLE_OBJC_ARC = YES;
				CLANG_WARN_BOOL_CONVERSION = YES;
				CLANG_WARN_CONSTANT_CONVERSION = YES;
				CLANG_WARN_DIRECT_OBJC_ISA_USAGE = YES_ERROR;
				CLANG_WARN_EMPTY_BODY = YES;
				CLANG_WARN_ENUM_CONVERSION = YES;
				CLANG_WARN_INT_CONVERSION = YES;
				CLANG_WARN_OBJC_ROOT_CLASS = YES_ERROR;
				CLANG_WARN_UNREACHABLE_CODE = YES;
				CLANG_WARN__DUPLICATE_METHOD_MATCH = YES;
				"CODE_SIGN_IDENTITY[sdk=iphoneos*]" = "iPhone Developer";
				COPY_PHASE_STRIP = NO;
				DEBUG_INFORMATION_FORMAT = "dwarf-with-dsym";
				ENABLE_NS_ASSERTIONS = NO;
				ENABLE_STRICT_OBJC_MSGSEND = YES;
				GCC_C_LANGUAGE_STANDARD = gnu99;
				GCC_NO_COMMON_BLOCKS = YES;
				GCC_WARN_64_TO_32_BIT_CONVERSION = YES;
				GCC_WARN_ABOUT_RETURN_TYPE = YES_ERROR;
				GCC_WARN_UNDECLARED_SELECTOR = YES;
				GCC_WARN_UNINITIALIZED_AUTOS = YES_AGGRESSIVE;
				GCC_WARN_UNUSED_FUNCTION = YES;
				GCC_WARN_UNUSED_VARIABLE = YES;
				IPHONEOS_DEPLOYMENT_TARGET = 9.3;
				MTL_ENABLE_DEBUG_INFO = NO;
				SDKROOT = iphoneos;
				VALIDATE_PRODUCT = YES;
			};
			name = Release;
		};
		9BF8EC021CC1D23500901730 /* Debug */ = {
			isa = XCBuildConfiguration;
			baseConfigurationReference = F468888C8E37247FB8A35B26 /* Pods.debug.xcconfig */;
			buildSettings = {
				ASSETCATALOG_COMPILER_APPICON_NAME = AppIcon;
				INFOPLIST_FILE = GenerativeSwift/Info.plist;
				LD_RUNPATH_SEARCH_PATHS = "$(inherited) @executable_path/Frameworks";
				PRODUCT_BUNDLE_IDENTIFIER = com.tnantoka.GenerativeSwift;
				PRODUCT_NAME = "$(TARGET_NAME)";
			};
			name = Debug;
		};
		9BF8EC031CC1D23500901730 /* Release */ = {
			isa = XCBuildConfiguration;
			baseConfigurationReference = 5677B446356EAAFA84B2EA67 /* Pods.release.xcconfig */;
			buildSettings = {
				ASSETCATALOG_COMPILER_APPICON_NAME = AppIcon;
				INFOPLIST_FILE = GenerativeSwift/Info.plist;
				LD_RUNPATH_SEARCH_PATHS = "$(inherited) @executable_path/Frameworks";
				PRODUCT_BUNDLE_IDENTIFIER = com.tnantoka.GenerativeSwift;
				PRODUCT_NAME = "$(TARGET_NAME)";
			};
			name = Release;
		};
		9BF8EC051CC1D23500901730 /* Debug */ = {
			isa = XCBuildConfiguration;
			buildSettings = {
				BUNDLE_LOADER = "$(TEST_HOST)";
				INFOPLIST_FILE = GenerativeSwiftTests/Info.plist;
				LD_RUNPATH_SEARCH_PATHS = "$(inherited) @executable_path/Frameworks @loader_path/Frameworks";
				PRODUCT_BUNDLE_IDENTIFIER = com.tnantoka.GenerativeSwiftTests;
				PRODUCT_NAME = "$(TARGET_NAME)";
				TEST_HOST = "$(BUILT_PRODUCTS_DIR)/GenerativeSwift.app/GenerativeSwift";
			};
			name = Debug;
		};
		9BF8EC061CC1D23500901730 /* Release */ = {
			isa = XCBuildConfiguration;
			buildSettings = {
				BUNDLE_LOADER = "$(TEST_HOST)";
				INFOPLIST_FILE = GenerativeSwiftTests/Info.plist;
				LD_RUNPATH_SEARCH_PATHS = "$(inherited) @executable_path/Frameworks @loader_path/Frameworks";
				PRODUCT_BUNDLE_IDENTIFIER = com.tnantoka.GenerativeSwiftTests;
				PRODUCT_NAME = "$(TARGET_NAME)";
				TEST_HOST = "$(BUILT_PRODUCTS_DIR)/GenerativeSwift.app/GenerativeSwift";
			};
			name = Release;
		};
/* End XCBuildConfiguration section */

/* Begin XCConfigurationList section */
		9BF8EBDF1CC1D23500901730 /* Build configuration list for PBXProject "GenerativeSwift" */ = {
			isa = XCConfigurationList;
			buildConfigurations = (
				9BF8EBFF1CC1D23500901730 /* Debug */,
				9BF8EC001CC1D23500901730 /* Release */,
			);
			defaultConfigurationIsVisible = 0;
			defaultConfigurationName = Release;
		};
		9BF8EC011CC1D23500901730 /* Build configuration list for PBXNativeTarget "GenerativeSwift" */ = {
			isa = XCConfigurationList;
			buildConfigurations = (
				9BF8EC021CC1D23500901730 /* Debug */,
				9BF8EC031CC1D23500901730 /* Release */,
			);
			defaultConfigurationIsVisible = 0;
			defaultConfigurationName = Release;
		};
		9BF8EC041CC1D23500901730 /* Build configuration list for PBXNativeTarget "GenerativeSwiftTests" */ = {
			isa = XCConfigurationList;
			buildConfigurations = (
				9BF8EC051CC1D23500901730 /* Debug */,
				9BF8EC061CC1D23500901730 /* Release */,
			);
			defaultConfigurationIsVisible = 0;
			defaultConfigurationName = Release;
		};
/* End XCConfigurationList section */
	};
	rootObject = 9BF8EBDC1CC1D23500901730 /* Project object */;
}
